
Microsoft Visual Studio Solution File, Format Version 12.00
# Visual Studio Version 17
VisualStudioVersion = 17.7.34024.191
MinimumVisualStudioVersion = 10.0.40219.1
Project("{2150E333-8FDC-42A3-9474-1A3956D46DE8}") = "Gateways", "Gateways", "{E28F2E1D-F9E9-42B4-915D-C8E372095027}"
EndProject
Project("{2150E333-8FDC-42A3-9474-1A3956D46DE8}") = "Services", "Services", "{798E10B6-6CAA-4A82-883B-9DB022FA6762}"
EndProject
Project("{2150E333-8FDC-42A3-9474-1A3956D46DE8}") = "Tests", "Tests", "{9C7FD3A9-6EF9-4B30-8B47-89881D802D8A}"
EndProject
Project("{2150E333-8FDC-42A3-9474-1A3956D46DE8}") = "Auth", "Auth", "{D9C6A69D-C88B-4D42-B6C8-82C98304CCE8}"
EndProject
Project("{2150E333-8FDC-42A3-9474-1A3956D46DE8}") = "Document", "Document", "{6388417F-D023-4849-A60F-0DD94277042C}"
EndProject
Project("{2150E333-8FDC-42A3-9474-1A3956D46DE8}") = "Metadata", "Metadata", "{569C2B52-9160-4221-B0F9-AA638DBBBC30}"
EndProject
Project("{9A19103F-16F7-4668-BE54-9A1E7A4F7556}") = "OcelotGW", "OcelotGW\OcelotGW.csproj", "{414F783F-B0D8-4F63-87C2-1E70C07DCD71}"
EndProject
Project("{9A19103F-16F7-4668-BE54-9A1E7A4F7556}") = "Auth.API", "Auth.API\Auth.API.csproj", "{07317220-2ED4-4731-A70B-D89E96E86060}"
EndProject
Project("{9A19103F-16F7-4668-BE54-9A1E7A4F7556}") = "Metadata.API", "Metadata.API\Metadata.API.csproj", "{27C1E83D-BACC-4383-86F2-66CB86B8043D}"
EndProject
Project("{9A19103F-16F7-4668-BE54-9A1E7A4F7556}") = "Document.API", "Document.API\Document.API.csproj", "{02532D36-3B37-40C0-B4BF-419102FD7A9D}"
EndProject
Project("{9A19103F-16F7-4668-BE54-9A1E7A4F7556}") = "Auth.Core", "Auth.Core\Auth.Core.csproj", "{F3C22F3A-F00A-474C-9014-1878CB9911C1}"
EndProject
Project("{9A19103F-16F7-4668-BE54-9A1E7A4F7556}") = "Auth.Infrastructure", "Auth.Infracstructure\Auth.Infrastructure.csproj", "{230CA7AE-0C83-4C69-8A8A-971498589C1B}"
EndProject
Project("{9A19103F-16F7-4668-BE54-9A1E7A4F7556}") = "Document.Core", "Document.Core\Document.Core.csproj", "{A47455D0-3B8F-462A-A81D-3CE989FF802B}"
EndProject
Project("{9A19103F-16F7-4668-BE54-9A1E7A4F7556}") = "Document.Infrastructure", "Document.Infrastructure\Document.Infrastructure.csproj", "{15477CED-1AFA-424A-B2F0-903825860FD0}"
EndProject
Project("{9A19103F-16F7-4668-BE54-9A1E7A4F7556}") = "Metadata.Core", "Metadata.Core\Metadata.Core.csproj", "{C11F05D6-0294-4B09-8BA0-472FC2847361}"
EndProject
Project("{9A19103F-16F7-4668-BE54-9A1E7A4F7556}") = "Metadata.Infrastructure", "Metadata.Infrastructure\Metadata.Infrastructure.csproj", "{54E44AB3-26DA-40BB-BF53-2A511BA6E662}"
EndProject
Project("{2150E333-8FDC-42A3-9474-1A3956D46DE8}") = "BuildingBlocks", "BuildingBlocks", "{EFBC44B9-BF9F-4C58-BACB-7B3196CA26BF}"
EndProject
Project("{9A19103F-16F7-4668-BE54-9A1E7A4F7556}") = "SharedLib.API", "SharedLib.API\SharedLib.API.csproj", "{3EF4F229-04B6-4FED-AB70-CDF89886D1DB}"
EndProject
Project("{9A19103F-16F7-4668-BE54-9A1E7A4F7556}") = "SharedLib.Core", "SharedLib.Core\SharedLib.Core.csproj", "{520C5EF1-18AB-49BE-972C-750444CA313D}"
EndProject
Project("{9A19103F-16F7-4668-BE54-9A1E7A4F7556}") = "SharedLib.Infrastructure", "SharedLib.Infrastructure\SharedLib.Infrastructure.csproj", "{626BC529-2FDF-44E4-9A07-E0460642C1E3}"
EndProject
Project("{9A19103F-16F7-4668-BE54-9A1E7A4F7556}") = "Auth.Tests", "Auth.Tests\Auth.Tests.csproj", "{84D794E6-A369-427A-9D94-F4D2B245AC15}"
EndProject
Project("{E53339B2-1760-4266-BCC7-CA923CBCF16C}") = "docker-compose", "docker-compose.dcproj", "{0AE5F5C6-24F0-40D9-8F4A-4EEFE258344D}"
EndProject
Project("{2150E333-8FDC-42A3-9474-1A3956D46DE8}") = "Signature", "Signature", "{416A8A4E-3FBD-4F18-8067-8ECD0963A6B2}"
EndProject
Project("{9A19103F-16F7-4668-BE54-9A1E7A4F7556}") = "Signature.API", "Signature.API\Signature.API.csproj", "{6C5D7A96-F524-4174-B0B6-F842130C17C0}"
EndProject
Project("{FAE04EC0-301F-11D3-BF4B-00C04F79EFBC}") = "Signature.Infrastructure", "..\Signature.Infrastructure\Signature.Infrastructure.csproj", "{635CC5EC-15CD-430A-8315-CCD0F8333E8E}"
EndProject
Global
	GlobalSection(SolutionConfigurationPlatforms) = preSolution
		Debug|Any CPU = Debug|Any CPU
		Release|Any CPU = Release|Any CPU
	EndGlobalSection
	GlobalSection(ProjectConfigurationPlatforms) = postSolution
		{414F783F-B0D8-4F63-87C2-1E70C07DCD71}.Debug|Any CPU.ActiveCfg = Debug|Any CPU
		{414F783F-B0D8-4F63-87C2-1E70C07DCD71}.Debug|Any CPU.Build.0 = Debug|Any CPU
		{414F783F-B0D8-4F63-87C2-1E70C07DCD71}.Release|Any CPU.ActiveCfg = Release|Any CPU
		{414F783F-B0D8-4F63-87C2-1E70C07DCD71}.Release|Any CPU.Build.0 = Release|Any CPU
		{07317220-2ED4-4731-A70B-D89E96E86060}.Debug|Any CPU.ActiveCfg = Debug|Any CPU
		{07317220-2ED4-4731-A70B-D89E96E86060}.Debug|Any CPU.Build.0 = Debug|Any CPU
		{07317220-2ED4-4731-A70B-D89E96E86060}.Release|Any CPU.ActiveCfg = Release|Any CPU
		{07317220-2ED4-4731-A70B-D89E96E86060}.Release|Any CPU.Build.0 = Release|Any CPU
		{27C1E83D-BACC-4383-86F2-66CB86B8043D}.Debug|Any CPU.ActiveCfg = Debug|Any CPU
		{27C1E83D-BACC-4383-86F2-66CB86B8043D}.Debug|Any CPU.Build.0 = Debug|Any CPU
		{27C1E83D-BACC-4383-86F2-66CB86B8043D}.Release|Any CPU.ActiveCfg = Release|Any CPU
		{27C1E83D-BACC-4383-86F2-66CB86B8043D}.Release|Any CPU.Build.0 = Release|Any CPU
		{02532D36-3B37-40C0-B4BF-419102FD7A9D}.Debug|Any CPU.ActiveCfg = Debug|Any CPU
		{02532D36-3B37-40C0-B4BF-419102FD7A9D}.Debug|Any CPU.Build.0 = Debug|Any CPU
		{02532D36-3B37-40C0-B4BF-419102FD7A9D}.Release|Any CPU.ActiveCfg = Release|Any CPU
		{02532D36-3B37-40C0-B4BF-419102FD7A9D}.Release|Any CPU.Build.0 = Release|Any CPU
		{F3C22F3A-F00A-474C-9014-1878CB9911C1}.Debug|Any CPU.ActiveCfg = Debug|Any CPU
		{F3C22F3A-F00A-474C-9014-1878CB9911C1}.Debug|Any CPU.Build.0 = Debug|Any CPU
		{F3C22F3A-F00A-474C-9014-1878CB9911C1}.Release|Any CPU.ActiveCfg = Release|Any CPU
		{F3C22F3A-F00A-474C-9014-1878CB9911C1}.Release|Any CPU.Build.0 = Release|Any CPU
		{230CA7AE-0C83-4C69-8A8A-971498589C1B}.Debug|Any CPU.ActiveCfg = Debug|Any CPU
		{230CA7AE-0C83-4C69-8A8A-971498589C1B}.Debug|Any CPU.Build.0 = Debug|Any CPU
		{230CA7AE-0C83-4C69-8A8A-971498589C1B}.Release|Any CPU.ActiveCfg = Release|Any CPU
		{230CA7AE-0C83-4C69-8A8A-971498589C1B}.Release|Any CPU.Build.0 = Release|Any CPU
		{A47455D0-3B8F-462A-A81D-3CE989FF802B}.Debug|Any CPU.ActiveCfg = Debug|Any CPU
		{A47455D0-3B8F-462A-A81D-3CE989FF802B}.Debug|Any CPU.Build.0 = Debug|Any CPU
		{A47455D0-3B8F-462A-A81D-3CE989FF802B}.Release|Any CPU.ActiveCfg = Release|Any CPU
		{A47455D0-3B8F-462A-A81D-3CE989FF802B}.Release|Any CPU.Build.0 = Release|Any CPU
		{15477CED-1AFA-424A-B2F0-903825860FD0}.Debug|Any CPU.ActiveCfg = Debug|Any CPU
		{15477CED-1AFA-424A-B2F0-903825860FD0}.Debug|Any CPU.Build.0 = Debug|Any CPU
		{15477CED-1AFA-424A-B2F0-903825860FD0}.Release|Any CPU.ActiveCfg = Release|Any CPU
		{15477CED-1AFA-424A-B2F0-903825860FD0}.Release|Any CPU.Build.0 = Release|Any CPU
		{C11F05D6-0294-4B09-8BA0-472FC2847361}.Debug|Any CPU.ActiveCfg = Debug|Any CPU
		{C11F05D6-0294-4B09-8BA0-472FC2847361}.Debug|Any CPU.Build.0 = Debug|Any CPU
		{C11F05D6-0294-4B09-8BA0-472FC2847361}.Release|Any CPU.ActiveCfg = Release|Any CPU
		{C11F05D6-0294-4B09-8BA0-472FC2847361}.Release|Any CPU.Build.0 = Release|Any CPU
		{54E44AB3-26DA-40BB-BF53-2A511BA6E662}.Debug|Any CPU.ActiveCfg = Debug|Any CPU
		{54E44AB3-26DA-40BB-BF53-2A511BA6E662}.Debug|Any CPU.Build.0 = Debug|Any CPU
		{54E44AB3-26DA-40BB-BF53-2A511BA6E662}.Release|Any CPU.ActiveCfg = Release|Any CPU
		{54E44AB3-26DA-40BB-BF53-2A511BA6E662}.Release|Any CPU.Build.0 = Release|Any CPU
		{3EF4F229-04B6-4FED-AB70-CDF89886D1DB}.Debug|Any CPU.ActiveCfg = Debug|Any CPU
		{3EF4F229-04B6-4FED-AB70-CDF89886D1DB}.Debug|Any CPU.Build.0 = Debug|Any CPU
		{3EF4F229-04B6-4FED-AB70-CDF89886D1DB}.Release|Any CPU.ActiveCfg = Release|Any CPU
		{3EF4F229-04B6-4FED-AB70-CDF89886D1DB}.Release|Any CPU.Build.0 = Release|Any CPU
		{520C5EF1-18AB-49BE-972C-750444CA313D}.Debug|Any CPU.ActiveCfg = Debug|Any CPU
		{520C5EF1-18AB-49BE-972C-750444CA313D}.Debug|Any CPU.Build.0 = Debug|Any CPU
		{520C5EF1-18AB-49BE-972C-750444CA313D}.Release|Any CPU.ActiveCfg = Release|Any CPU
		{520C5EF1-18AB-49BE-972C-750444CA313D}.Release|Any CPU.Build.0 = Release|Any CPU
		{626BC529-2FDF-44E4-9A07-E0460642C1E3}.Debug|Any CPU.ActiveCfg = Debug|Any CPU
		{626BC529-2FDF-44E4-9A07-E0460642C1E3}.Debug|Any CPU.Build.0 = Debug|Any CPU
		{626BC529-2FDF-44E4-9A07-E0460642C1E3}.Release|Any CPU.ActiveCfg = Release|Any CPU
		{626BC529-2FDF-44E4-9A07-E0460642C1E3}.Release|Any CPU.Build.0 = Release|Any CPU
		{84D794E6-A369-427A-9D94-F4D2B245AC15}.Debug|Any CPU.ActiveCfg = Debug|Any CPU
		{84D794E6-A369-427A-9D94-F4D2B245AC15}.Debug|Any CPU.Build.0 = Debug|Any CPU
		{84D794E6-A369-427A-9D94-F4D2B245AC15}.Release|Any CPU.ActiveCfg = Release|Any CPU
		{84D794E6-A369-427A-9D94-F4D2B245AC15}.Release|Any CPU.Build.0 = Release|Any CPU
		{0AE5F5C6-24F0-40D9-8F4A-4EEFE258344D}.Debug|Any CPU.ActiveCfg = Debug|Any CPU
		{0AE5F5C6-24F0-40D9-8F4A-4EEFE258344D}.Debug|Any CPU.Build.0 = Debug|Any CPU
		{0AE5F5C6-24F0-40D9-8F4A-4EEFE258344D}.Release|Any CPU.ActiveCfg = Release|Any CPU
		{0AE5F5C6-24F0-40D9-8F4A-4EEFE258344D}.Release|Any CPU.Build.0 = Release|Any CPU
		{6C5D7A96-F524-4174-B0B6-F842130C17C0}.Debug|Any CPU.ActiveCfg = Debug|Any CPU
		{6C5D7A96-F524-4174-B0B6-F842130C17C0}.Debug|Any CPU.Build.0 = Debug|Any CPU
		{6C5D7A96-F524-4174-B0B6-F842130C17C0}.Release|Any CPU.ActiveCfg = Release|Any CPU
		{6C5D7A96-F524-4174-B0B6-F842130C17C0}.Release|Any CPU.Build.0 = Release|Any CPU
		{635CC5EC-15CD-430A-8315-CCD0F8333E8E}.Debug|Any CPU.ActiveCfg = Debug|Any CPU
		{635CC5EC-15CD-430A-8315-CCD0F8333E8E}.Debug|Any CPU.Build.0 = Debug|Any CPU
		{635CC5EC-15CD-430A-8315-CCD0F8333E8E}.Release|Any CPU.ActiveCfg = Release|Any CPU
		{635CC5EC-15CD-430A-8315-CCD0F8333E8E}.Release|Any CPU.Build.0 = Release|Any CPU
	EndGlobalSection
	GlobalSection(SolutionProperties) = preSolution
		HideSolutionNode = FALSE
	EndGlobalSection
	GlobalSection(NestedProjects) = preSolution
		{D9C6A69D-C88B-4D42-B6C8-82C98304CCE8} = {798E10B6-6CAA-4A82-883B-9DB022FA6762}
		{6388417F-D023-4849-A60F-0DD94277042C} = {798E10B6-6CAA-4A82-883B-9DB022FA6762}
		{569C2B52-9160-4221-B0F9-AA638DBBBC30} = {798E10B6-6CAA-4A82-883B-9DB022FA6762}
		{414F783F-B0D8-4F63-87C2-1E70C07DCD71} = {E28F2E1D-F9E9-42B4-915D-C8E372095027}
		{07317220-2ED4-4731-A70B-D89E96E86060} = {D9C6A69D-C88B-4D42-B6C8-82C98304CCE8}
		{27C1E83D-BACC-4383-86F2-66CB86B8043D} = {569C2B52-9160-4221-B0F9-AA638DBBBC30}
		{02532D36-3B37-40C0-B4BF-419102FD7A9D} = {6388417F-D023-4849-A60F-0DD94277042C}
		{F3C22F3A-F00A-474C-9014-1878CB9911C1} = {D9C6A69D-C88B-4D42-B6C8-82C98304CCE8}
		{230CA7AE-0C83-4C69-8A8A-971498589C1B} = {D9C6A69D-C88B-4D42-B6C8-82C98304CCE8}
		{A47455D0-3B8F-462A-A81D-3CE989FF802B} = {6388417F-D023-4849-A60F-0DD94277042C}
		{15477CED-1AFA-424A-B2F0-903825860FD0} = {6388417F-D023-4849-A60F-0DD94277042C}
		{C11F05D6-0294-4B09-8BA0-472FC2847361} = {569C2B52-9160-4221-B0F9-AA638DBBBC30}
		{54E44AB3-26DA-40BB-BF53-2A511BA6E662} = {569C2B52-9160-4221-B0F9-AA638DBBBC30}
		{3EF4F229-04B6-4FED-AB70-CDF89886D1DB} = {EFBC44B9-BF9F-4C58-BACB-7B3196CA26BF}
		{520C5EF1-18AB-49BE-972C-750444CA313D} = {EFBC44B9-BF9F-4C58-BACB-7B3196CA26BF}
		{626BC529-2FDF-44E4-9A07-E0460642C1E3} = {EFBC44B9-BF9F-4C58-BACB-7B3196CA26BF}
		{84D794E6-A369-427A-9D94-F4D2B245AC15} = {9C7FD3A9-6EF9-4B30-8B47-89881D802D8A}
		{416A8A4E-3FBD-4F18-8067-8ECD0963A6B2} = {798E10B6-6CAA-4A82-883B-9DB022FA6762}
		{6C5D7A96-F524-4174-B0B6-F842130C17C0} = {416A8A4E-3FBD-4F18-8067-8ECD0963A6B2}
		{635CC5EC-15CD-430A-8315-CCD0F8333E8E} = {416A8A4E-3FBD-4F18-8067-8ECD0963A6B2}
	EndGlobalSection
	GlobalSection(ExtensibilityGlobals) = postSolution
		SolutionGuid = {335E15B0-30C8-417D-97A2-97A797FE5B2C}
	EndGlobalSection
EndGlobal
